
Microsoft Visual Studio Solution File, Format Version 12.00
# Visual Studio Version 16
VisualStudioVersion = 16.0.30114.105
MinimumVisualStudioVersion = 10.0.40219.1
Project("{9A19103F-16F7-4668-BE54-9A1E7A4F7556}") = "AATWebApp", "AATWebApp\AATWebApp.csproj", "{FB6857CA-7AAF-4E8B-9323-8B85709D1F47}"
EndProject
Project("{9A19103F-16F7-4668-BE54-9A1E7A4F7556}") = "AATFunctions", "AATFunctions\AATFunctions.csproj", "{590694EF-EFDB-4438-81BB-7466BBF78B1D}"
EndProject
Project("{9A19103F-16F7-4668-BE54-9A1E7A4F7556}") = "AATShared", "AATShared\AATShared.csproj", "{9268AA49-07CF-4D8F-99C4-71686A7A1779}"
EndProject
Global
	GlobalSection(SolutionConfigurationPlatforms) = preSolution
		Debug|Any CPU = Debug|Any CPU
		Release|Any CPU = Release|Any CPU
	EndGlobalSection
	GlobalSection(ProjectConfigurationPlatforms) = postSolution
		{FB6857CA-7AAF-4E8B-9323-8B85709D1F47}.Debug|Any CPU.ActiveCfg = Debug|Any CPU
		{FB6857CA-7AAF-4E8B-9323-8B85709D1F47}.Debug|Any CPU.Build.0 = Debug|Any CPU
		{FB6857CA-7AAF-4E8B-9323-8B85709D1F47}.Release|Any CPU.ActiveCfg = Release|Any CPU
		{FB6857CA-7AAF-4E8B-9323-8B85709D1F47}.Release|Any CPU.Build.0 = Release|Any CPU
		{590694EF-EFDB-4438-81BB-7466BBF78B1D}.Debug|Any CPU.ActiveCfg = Debug|Any CPU
		{590694EF-EFDB-4438-81BB-7466BBF78B1D}.Debug|Any CPU.Build.0 = Debug|Any CPU
		{590694EF-EFDB-4438-81BB-7466BBF78B1D}.Release|Any CPU.ActiveCfg = Release|Any CPU
		{590694EF-EFDB-4438-81BB-7466BBF78B1D}.Release|Any CPU.Build.0 = Release|Any CPU
		{9268AA49-07CF-4D8F-99C4-71686A7A1779}.Debug|Any CPU.ActiveCfg = Debug|Any CPU
		{9268AA49-07CF-4D8F-99C4-71686A7A1779}.Debug|Any CPU.Build.0 = Debug|Any CPU
		{9268AA49-07CF-4D8F-99C4-71686A7A1779}.Release|Any CPU.ActiveCfg = Release|Any CPU
		{9268AA49-07CF-4D8F-99C4-71686A7A1779}.Release|Any CPU.Build.0 = Release|Any CPU
	EndGlobalSection
	GlobalSection(SolutionProperties) = preSolution
		HideSolutionNode = FALSE
	EndGlobalSection
	GlobalSection(ExtensibilityGlobals) = postSolution
		SolutionGuid = {22FBE78D-127F-4F8F-9401-F5A574415614}
	EndGlobalSection
EndGlobal
